
Microsoft Visual Studio Solution File, Format Version 12.00
# Visual Studio 15
VisualStudioVersion = 15.0.26124.0
MinimumVisualStudioVersion = 15.0.26124.0
Project("{FAE04EC0-301F-11D3-BF4B-00C04F79EFBC}") = "API", "API\API.csproj", "{E24337FC-D2DE-4481-AF00-1012A36902DA}"
EndProject
Project("{FAE04EC0-301F-11D3-BF4B-00C04F79EFBC}") = "Core", "Core\Core.csproj", "{5B4F47A8-2C27-4486-85C6-B12431DB5FFD}"
EndProject
Project("{FAE04EC0-301F-11D3-BF4B-00C04F79EFBC}") = "Infrastructure", "Infrastructure\Infrastructure.csproj", "{5EC3CCB6-31AF-4AB8-9425-97B2D64E98A2}"
EndProject
Global
	GlobalSection(SolutionConfigurationPlatforms) = preSolution
		Debug|Any CPU = Debug|Any CPU
		Debug|x64 = Debug|x64
		Debug|x86 = Debug|x86
		Release|Any CPU = Release|Any CPU
		Release|x64 = Release|x64
		Release|x86 = Release|x86
	EndGlobalSection
	GlobalSection(SolutionProperties) = preSolution
		HideSolutionNode = FALSE
	EndGlobalSection
	GlobalSection(ProjectConfigurationPlatforms) = postSolution
		{E24337FC-D2DE-4481-AF00-1012A36902DA}.Debug|Any CPU.ActiveCfg = Debug|Any CPU
		{E24337FC-D2DE-4481-AF00-1012A36902DA}.Debug|Any CPU.Build.0 = Debug|Any CPU
		{E24337FC-D2DE-4481-AF00-1012A36902DA}.Debug|x64.ActiveCfg = Debug|Any CPU
		{E24337FC-D2DE-4481-AF00-1012A36902DA}.Debug|x64.Build.0 = Debug|Any CPU
		{E24337FC-D2DE-4481-AF00-1012A36902DA}.Debug|x86.ActiveCfg = Debug|Any CPU
		{E24337FC-D2DE-4481-AF00-1012A36902DA}.Debug|x86.Build.0 = Debug|Any CPU
		{E24337FC-D2DE-4481-AF00-1012A36902DA}.Release|Any CPU.ActiveCfg = Release|Any CPU
		{E24337FC-D2DE-4481-AF00-1012A36902DA}.Release|Any CPU.Build.0 = Release|Any CPU
		{E24337FC-D2DE-4481-AF00-1012A36902DA}.Release|x64.ActiveCfg = Release|Any CPU
		{E24337FC-D2DE-4481-AF00-1012A36902DA}.Release|x64.Build.0 = Release|Any CPU
		{E24337FC-D2DE-4481-AF00-1012A36902DA}.Release|x86.ActiveCfg = Release|Any CPU
		{E24337FC-D2DE-4481-AF00-1012A36902DA}.Release|x86.Build.0 = Release|Any CPU
		{5B4F47A8-2C27-4486-85C6-B12431DB5FFD}.Debug|Any CPU.ActiveCfg = Debug|Any CPU
		{5B4F47A8-2C27-4486-85C6-B12431DB5FFD}.Debug|Any CPU.Build.0 = Debug|Any CPU
		{5B4F47A8-2C27-4486-85C6-B12431DB5FFD}.Debug|x64.ActiveCfg = Debug|Any CPU
		{5B4F47A8-2C27-4486-85C6-B12431DB5FFD}.Debug|x64.Build.0 = Debug|Any CPU
		{5B4F47A8-2C27-4486-85C6-B12431DB5FFD}.Debug|x86.ActiveCfg = Debug|Any CPU
		{5B4F47A8-2C27-4486-85C6-B12431DB5FFD}.Debug|x86.Build.0 = Debug|Any CPU
		{5B4F47A8-2C27-4486-85C6-B12431DB5FFD}.Release|Any CPU.ActiveCfg = Release|Any CPU
		{5B4F47A8-2C27-4486-85C6-B12431DB5FFD}.Release|Any CPU.Build.0 = Release|Any CPU
		{5B4F47A8-2C27-4486-85C6-B12431DB5FFD}.Release|x64.ActiveCfg = Release|Any CPU
		{5B4F47A8-2C27-4486-85C6-B12431DB5FFD}.Release|x64.Build.0 = Release|Any CPU
		{5B4F47A8-2C27-4486-85C6-B12431DB5FFD}.Release|x86.ActiveCfg = Release|Any CPU
		{5B4F47A8-2C27-4486-85C6-B12431DB5FFD}.Release|x86.Build.0 = Release|Any CPU
		{5EC3CCB6-31AF-4AB8-9425-97B2D64E98A2}.Debug|Any CPU.ActiveCfg = Debug|Any CPU
		{5EC3CCB6-31AF-4AB8-9425-97B2D64E98A2}.Debug|Any CPU.Build.0 = Debug|Any CPU
		{5EC3CCB6-31AF-4AB8-9425-97B2D64E98A2}.Debug|x64.ActiveCfg = Debug|Any CPU
		{5EC3CCB6-31AF-4AB8-9425-97B2D64E98A2}.Debug|x64.Build.0 = Debug|Any CPU
		{5EC3CCB6-31AF-4AB8-9425-97B2D64E98A2}.Debug|x86.ActiveCfg = Debug|Any CPU
		{5EC3CCB6-31AF-4AB8-9425-97B2D64E98A2}.Debug|x86.Build.0 = Debug|Any CPU
		{5EC3CCB6-31AF-4AB8-9425-97B2D64E98A2}.Release|Any CPU.ActiveCfg = Release|Any CPU
		{5EC3CCB6-31AF-4AB8-9425-97B2D64E98A2}.Release|Any CPU.Build.0 = Release|Any CPU
		{5EC3CCB6-31AF-4AB8-9425-97B2D64E98A2}.Release|x64.ActiveCfg = Release|Any CPU
		{5EC3CCB6-31AF-4AB8-9425-97B2D64E98A2}.Release|x64.Build.0 = Release|Any CPU
		{5EC3CCB6-31AF-4AB8-9425-97B2D64E98A2}.Release|x86.ActiveCfg = Release|Any CPU
		{5EC3CCB6-31AF-4AB8-9425-97B2D64E98A2}.Release|x86.Build.0 = Release|Any CPU
	EndGlobalSection
EndGlobal
